// !$*UTF8*$!
{
	archiveVersion = 1;
	classes = {
	};
	objectVersion = 46;
	objects = {

/* Begin PBXBuildFile section */
		5E36D8801E5B601000B6164F /* TacoCell.swift in Sources */ = {isa = PBXBuildFile; fileRef = 5E36D87E1E5B601000B6164F /* TacoCell.swift */; };
		5E36D8811E5B601000B6164F /* TacoCell.xib in Resources */ = {isa = PBXBuildFile; fileRef = 5E36D87F1E5B601000B6164F /* TacoCell.xib */; };
		5E36D8831E5B6CB200B6164F /* ReusableView.swift in Sources */ = {isa = PBXBuildFile; fileRef = 5E36D8821E5B6CB200B6164F /* ReusableView.swift */; };
		5E36D8851E5B6E0000B6164F /* NibLodableView.swift in Sources */ = {isa = PBXBuildFile; fileRef = 5E36D8841E5B6E0000B6164F /* NibLodableView.swift */; };
		5E36D8871E5B6EC300B6164F /* UICollectionView+Ext.swift in Sources */ = {isa = PBXBuildFile; fileRef = 5E36D8861E5B6EC300B6164F /* UICollectionView+Ext.swift */; };
		5E36D8891E5B7C5400B6164F /* MutableCollection+Ext.swift in Sources */ = {isa = PBXBuildFile; fileRef = 5E36D8881E5B7C5400B6164F /* MutableCollection+Ext.swift */; };
		5E36D88B1E5B7ED100B6164F /* Shakeable.swift in Sources */ = {isa = PBXBuildFile; fileRef = 5E36D88A1E5B7ED100B6164F /* Shakeable.swift */; };
		5E72BC2D1E5B48A200A3087C /* AppDelegate.swift in Sources */ = {isa = PBXBuildFile; fileRef = 5E72BC2C1E5B48A200A3087C /* AppDelegate.swift */; };
		5E72BC321E5B48A200A3087C /* Main.storyboard in Resources */ = {isa = PBXBuildFile; fileRef = 5E72BC301E5B48A200A3087C /* Main.storyboard */; };
		5E72BC341E5B48A200A3087C /* Assets.xcassets in Resources */ = {isa = PBXBuildFile; fileRef = 5E72BC331E5B48A200A3087C /* Assets.xcassets */; };
		5E72BC371E5B48A200A3087C /* LaunchScreen.storyboard in Resources */ = {isa = PBXBuildFile; fileRef = 5E72BC351E5B48A200A3087C /* LaunchScreen.storyboard */; };
		5E72BC421E5B48A200A3087C /* TacoPOPTests.swift in Sources */ = {isa = PBXBuildFile; fileRef = 5E72BC411E5B48A200A3087C /* TacoPOPTests.swift */; };
		5E72BC531E5B498700A3087C /* MainVC.swift in Sources */ = {isa = PBXBuildFile; fileRef = 5E72BC521E5B498700A3087C /* MainVC.swift */; };
		5E72BC571E5B4B9000A3087C /* Dropshadow.swift in Sources */ = {isa = PBXBuildFile; fileRef = 5E72BC561E5B4B9000A3087C /* Dropshadow.swift */; };
		5E72BC591E5B4CF700A3087C /* HeaderView.swift in Sources */ = {isa = PBXBuildFile; fileRef = 5E72BC581E5B4CF700A3087C /* HeaderView.swift */; };
		5E72BC5B1E5B501000A3087C /* Taco.swift in Sources */ = {isa = PBXBuildFile; fileRef = 5E72BC5A1E5B501000A3087C /* Taco.swift */; };
		5E72BC5D1E5B566F00A3087C /* DataService.swift in Sources */ = {isa = PBXBuildFile; fileRef = 5E72BC5C1E5B566F00A3087C /* DataService.swift */; };
/* End PBXBuildFile section */

/* Begin PBXContainerItemProxy section */
		5E72BC3E1E5B48A200A3087C /* PBXContainerItemProxy */ = {
			isa = PBXContainerItemProxy;
			containerPortal = 5E72BC211E5B48A200A3087C /* Project object */;
			proxyType = 1;
			remoteGlobalIDString = 5E72BC281E5B48A200A3087C;
			remoteInfo = TacoPOP;
		};
/* End PBXContainerItemProxy section */

/* Begin PBXFileReference section */
		5E36D87E1E5B601000B6164F /* TacoCell.swift */ = {isa = PBXFileReference; fileEncoding = 4; lastKnownFileType = sourcecode.swift; path = TacoCell.swift; sourceTree = "<group>"; };
		5E36D87F1E5B601000B6164F /* TacoCell.xib */ = {isa = PBXFileReference; fileEncoding = 4; lastKnownFileType = file.xib; path = TacoCell.xib; sourceTree = "<group>"; };
		5E36D8821E5B6CB200B6164F /* ReusableView.swift */ = {isa = PBXFileReference; fileEncoding = 4; lastKnownFileType = sourcecode.swift; path = ReusableView.swift; sourceTree = "<group>"; };
		5E36D8841E5B6E0000B6164F /* NibLodableView.swift */ = {isa = PBXFileReference; fileEncoding = 4; lastKnownFileType = sourcecode.swift; path = NibLodableView.swift; sourceTree = "<group>"; };
		5E36D8861E5B6EC300B6164F /* UICollectionView+Ext.swift */ = {isa = PBXFileReference; fileEncoding = 4; lastKnownFileType = sourcecode.swift; path = "UICollectionView+Ext.swift"; sourceTree = "<group>"; };
		5E36D8881E5B7C5400B6164F /* MutableCollection+Ext.swift */ = {isa = PBXFileReference; fileEncoding = 4; lastKnownFileType = sourcecode.swift; path = "MutableCollection+Ext.swift"; sourceTree = "<group>"; };
		5E36D88A1E5B7ED100B6164F /* Shakeable.swift */ = {isa = PBXFileReference; fileEncoding = 4; lastKnownFileType = sourcecode.swift; path = Shakeable.swift; sourceTree = "<group>"; };
		5E72BC291E5B48A200A3087C /* TacoPOP.app */ = {isa = PBXFileReference; explicitFileType = wrapper.application; includeInIndex = 0; path = TacoPOP.app; sourceTree = BUILT_PRODUCTS_DIR; };
		5E72BC2C1E5B48A200A3087C /* AppDelegate.swift */ = {isa = PBXFileReference; lastKnownFileType = sourcecode.swift; path = AppDelegate.swift; sourceTree = "<group>"; };
		5E72BC311E5B48A200A3087C /* Base */ = {isa = PBXFileReference; lastKnownFileType = file.storyboard; name = Base; path = Base.lproj/Main.storyboard; sourceTree = "<group>"; };
		5E72BC331E5B48A200A3087C /* Assets.xcassets */ = {isa = PBXFileReference; lastKnownFileType = folder.assetcatalog; path = Assets.xcassets; sourceTree = "<group>"; };
		5E72BC361E5B48A200A3087C /* Base */ = {isa = PBXFileReference; lastKnownFileType = file.storyboard; name = Base; path = Base.lproj/LaunchScreen.storyboard; sourceTree = "<group>"; };
		5E72BC381E5B48A200A3087C /* Info.plist */ = {isa = PBXFileReference; lastKnownFileType = text.plist.xml; path = Info.plist; sourceTree = "<group>"; };
		5E72BC3D1E5B48A200A3087C /* TacoPOPTests.xctest */ = {isa = PBXFileReference; explicitFileType = wrapper.cfbundle; includeInIndex = 0; path = TacoPOPTests.xctest; sourceTree = BUILT_PRODUCTS_DIR; };
		5E72BC411E5B48A200A3087C /* TacoPOPTests.swift */ = {isa = PBXFileReference; lastKnownFileType = sourcecode.swift; path = TacoPOPTests.swift; sourceTree = "<group>"; };
		5E72BC431E5B48A200A3087C /* Info.plist */ = {isa = PBXFileReference; lastKnownFileType = text.plist.xml; path = Info.plist; sourceTree = "<group>"; };
		5E72BC521E5B498700A3087C /* MainVC.swift */ = {isa = PBXFileReference; fileEncoding = 4; lastKnownFileType = sourcecode.swift; path = MainVC.swift; sourceTree = "<group>"; };
		5E72BC561E5B4B9000A3087C /* Dropshadow.swift */ = {isa = PBXFileReference; fileEncoding = 4; lastKnownFileType = sourcecode.swift; path = Dropshadow.swift; sourceTree = "<group>"; };
		5E72BC581E5B4CF700A3087C /* HeaderView.swift */ = {isa = PBXFileReference; fileEncoding = 4; lastKnownFileType = sourcecode.swift; path = HeaderView.swift; sourceTree = "<group>"; };
		5E72BC5A1E5B501000A3087C /* Taco.swift */ = {isa = PBXFileReference; fileEncoding = 4; lastKnownFileType = sourcecode.swift; path = Taco.swift; sourceTree = "<group>"; };
		5E72BC5C1E5B566F00A3087C /* DataService.swift */ = {isa = PBXFileReference; fileEncoding = 4; lastKnownFileType = sourcecode.swift; path = DataService.swift; sourceTree = "<group>"; };
/* End PBXFileReference section */

/* Begin PBXFrameworksBuildPhase section */
		5E72BC261E5B48A200A3087C /* Frameworks */ = {
			isa = PBXFrameworksBuildPhase;
			buildActionMask = 2147483647;
			files = (
			);
			runOnlyForDeploymentPostprocessing = 0;
		};
		5E72BC3A1E5B48A200A3087C /* Frameworks */ = {
			isa = PBXFrameworksBuildPhase;
			buildActionMask = 2147483647;
			files = (
			);
			runOnlyForDeploymentPostprocessing = 0;
		};
/* End PBXFrameworksBuildPhase section */

/* Begin PBXGroup section */
		5E72BC201E5B48A200A3087C = {
			isa = PBXGroup;
			children = (
				5E72BC2B1E5B48A200A3087C /* TacoPOP */,
				5E72BC401E5B48A200A3087C /* TacoPOPTests */,
				5E72BC2A1E5B48A200A3087C /* Products */,
			);
			sourceTree = "<group>";
		};
		5E72BC2A1E5B48A200A3087C /* Products */ = {
			isa = PBXGroup;
			children = (
				5E72BC291E5B48A200A3087C /* TacoPOP.app */,
				5E72BC3D1E5B48A200A3087C /* TacoPOPTests.xctest */,
			);
			name = Products;
			sourceTree = "<group>";
		};
		5E72BC2B1E5B48A200A3087C /* TacoPOP */ = {
			isa = PBXGroup;
			children = (
				5E72BC4E1E5B48D100A3087C /* Model */,
				5E72BC4D1E5B48C900A3087C /* View */,
				5E72BC4C1E5B48BE00A3087C /* Controller */,
				5E72BC4F1E5B48D800A3087C /* Resources */,
				5E72BC501E5B48E000A3087C /* Protocols */,
				5E72BC511E5B48E700A3087C /* Extensions */,
			);
			path = TacoPOP;
			sourceTree = "<group>";
		};
		5E72BC401E5B48A200A3087C /* TacoPOPTests */ = {
			isa = PBXGroup;
			children = (
				5E72BC411E5B48A200A3087C /* TacoPOPTests.swift */,
				5E72BC431E5B48A200A3087C /* Info.plist */,
			);
			path = TacoPOPTests;
			sourceTree = "<group>";
		};
		5E72BC4C1E5B48BE00A3087C /* Controller */ = {
			isa = PBXGroup;
			children = (
				5E72BC2C1E5B48A200A3087C /* AppDelegate.swift */,
				5E72BC521E5B498700A3087C /* MainVC.swift */,
			);
			name = Controller;
			sourceTree = "<group>";
		};
		5E72BC4D1E5B48C900A3087C /* View */ = {
			isa = PBXGroup;
			children = (
				5E72BC301E5B48A200A3087C /* Main.storyboard */,
				5E72BC351E5B48A200A3087C /* LaunchScreen.storyboard */,
				5E72BC581E5B4CF700A3087C /* HeaderView.swift */,
				5E36D87E1E5B601000B6164F /* TacoCell.swift */,
				5E36D87F1E5B601000B6164F /* TacoCell.xib */,
			);
			name = View;
			sourceTree = "<group>";
		};
		5E72BC4E1E5B48D100A3087C /* Model */ = {
			isa = PBXGroup;
			children = (
				5E72BC5A1E5B501000A3087C /* Taco.swift */,
				5E72BC5C1E5B566F00A3087C /* DataService.swift */,
			);
			name = Model;
			sourceTree = "<group>";
		};
		5E72BC4F1E5B48D800A3087C /* Resources */ = {
			isa = PBXGroup;
			children = (
				5E72BC331E5B48A200A3087C /* Assets.xcassets */,
				5E72BC381E5B48A200A3087C /* Info.plist */,
			);
			name = Resources;
			sourceTree = "<group>";
		};
		5E72BC501E5B48E000A3087C /* Protocols */ = {
			isa = PBXGroup;
			children = (
				5E72BC561E5B4B9000A3087C /* Dropshadow.swift */,
				5E36D8821E5B6CB200B6164F /* ReusableView.swift */,
				5E36D8841E5B6E0000B6164F /* NibLodableView.swift */,
				5E36D88A1E5B7ED100B6164F /* Shakeable.swift */,
			);
			name = Protocols;
			sourceTree = "<group>";
		};
		5E72BC511E5B48E700A3087C /* Extensions */ = {
			isa = PBXGroup;
			children = (
				5E36D8861E5B6EC300B6164F /* UICollectionView+Ext.swift */,
				5E36D8881E5B7C5400B6164F /* MutableCollection+Ext.swift */,
			);
			name = Extensions;
			sourceTree = "<group>";
		};
/* End PBXGroup section */

/* Begin PBXNativeTarget section */
		5E72BC281E5B48A200A3087C /* TacoPOP */ = {
			isa = PBXNativeTarget;
			buildConfigurationList = 5E72BC461E5B48A200A3087C /* Build configuration list for PBXNativeTarget "TacoPOP" */;
			buildPhases = (
				5E72BC251E5B48A200A3087C /* Sources */,
				5E72BC261E5B48A200A3087C /* Frameworks */,
				5E72BC271E5B48A200A3087C /* Resources */,
			);
			buildRules = (
			);
			dependencies = (
			);
			name = TacoPOP;
			productName = TacoPOP;
			productReference = 5E72BC291E5B48A200A3087C /* TacoPOP.app */;
			productType = "com.apple.product-type.application";
		};
		5E72BC3C1E5B48A200A3087C /* TacoPOPTests */ = {
			isa = PBXNativeTarget;
			buildConfigurationList = 5E72BC491E5B48A200A3087C /* Build configuration list for PBXNativeTarget "TacoPOPTests" */;
			buildPhases = (
				5E72BC391E5B48A200A3087C /* Sources */,
				5E72BC3A1E5B48A200A3087C /* Frameworks */,
				5E72BC3B1E5B48A200A3087C /* Resources */,
			);
			buildRules = (
			);
			dependencies = (
				5E72BC3F1E5B48A200A3087C /* PBXTargetDependency */,
			);
			name = TacoPOPTests;
			productName = TacoPOPTests;
			productReference = 5E72BC3D1E5B48A200A3087C /* TacoPOPTests.xctest */;
			productType = "com.apple.product-type.bundle.unit-test";
		};
/* End PBXNativeTarget section */

/* Begin PBXProject section */
		5E72BC211E5B48A200A3087C /* Project object */ = {
			isa = PBXProject;
			attributes = {
				LastSwiftUpdateCheck = 0820;
				LastUpgradeCheck = 0820;
				ORGANIZATIONNAME = "Fain Cowie";
				TargetAttributes = {
					5E72BC281E5B48A200A3087C = {
						CreatedOnToolsVersion = 8.2.1;
						DevelopmentTeam = 5TFV5GUHE9;
						ProvisioningStyle = Automatic;
					};
					5E72BC3C1E5B48A200A3087C = {
						CreatedOnToolsVersion = 8.2.1;
						DevelopmentTeam = 5TFV5GUHE9;
						ProvisioningStyle = Automatic;
						TestTargetID = 5E72BC281E5B48A200A3087C;
					};
				};
			};
			buildConfigurationList = 5E72BC241E5B48A200A3087C /* Build configuration list for PBXProject "TacoPOP" */;
			compatibilityVersion = "Xcode 3.2";
			developmentRegion = English;
			hasScannedForEncodings = 0;
			knownRegions = (
				en,
				Base,
			);
			mainGroup = 5E72BC201E5B48A200A3087C;
			productRefGroup = 5E72BC2A1E5B48A200A3087C /* Products */;
			projectDirPath = "";
			projectRoot = "";
			targets = (
				5E72BC281E5B48A200A3087C /* TacoPOP */,
				5E72BC3C1E5B48A200A3087C /* TacoPOPTests */,
			);
		};
/* End PBXProject section */

/* Begin PBXResourcesBuildPhase section */
		5E72BC271E5B48A200A3087C /* Resources */ = {
			isa = PBXResourcesBuildPhase;
			buildActionMask = 2147483647;
			files = (
				5E36D8811E5B601000B6164F /* TacoCell.xib in Resources */,
				5E72BC371E5B48A200A3087C /* LaunchScreen.storyboard in Resources */,
				5E72BC341E5B48A200A3087C /* Assets.xcassets in Resources */,
				5E72BC321E5B48A200A3087C /* Main.storyboard in Resources */,
			);
			runOnlyForDeploymentPostprocessing = 0;
		};
		5E72BC3B1E5B48A200A3087C /* Resources */ = {
			isa = PBXResourcesBuildPhase;
			buildActionMask = 2147483647;
			files = (
			);
			runOnlyForDeploymentPostprocessing = 0;
		};
/* End PBXResourcesBuildPhase section */

/* Begin PBXSourcesBuildPhase section */
		5E72BC251E5B48A200A3087C /* Sources */ = {
			isa = PBXSourcesBuildPhase;
			buildActionMask = 2147483647;
			files = (
				5E36D8801E5B601000B6164F /* TacoCell.swift in Sources */,
				5E36D8891E5B7C5400B6164F /* MutableCollection+Ext.swift in Sources */,
				5E36D8831E5B6CB200B6164F /* ReusableView.swift in Sources */,
				5E72BC571E5B4B9000A3087C /* Dropshadow.swift in Sources */,
				5E72BC2D1E5B48A200A3087C /* AppDelegate.swift in Sources */,
				5E36D8871E5B6EC300B6164F /* UICollectionView+Ext.swift in Sources */,
				5E72BC531E5B498700A3087C /* MainVC.swift in Sources */,
				5E72BC5D1E5B566F00A3087C /* DataService.swift in Sources */,
				5E72BC5B1E5B501000A3087C /* Taco.swift in Sources */,
				5E72BC591E5B4CF700A3087C /* HeaderView.swift in Sources */,
				5E36D88B1E5B7ED100B6164F /* Shakeable.swift in Sources */,
				5E36D8851E5B6E0000B6164F /* NibLodableView.swift in Sources */,
			);
			runOnlyForDeploymentPostprocessing = 0;
		};
		5E72BC391E5B48A200A3087C /* Sources */ = {
			isa = PBXSourcesBuildPhase;
			buildActionMask = 2147483647;
			files = (
				5E72BC421E5B48A200A3087C /* TacoPOPTests.swift in Sources */,
			);
			runOnlyForDeploymentPostprocessing = 0;
		};
/* End PBXSourcesBuildPhase section */

/* Begin PBXTargetDependency section */
		5E72BC3F1E5B48A200A3087C /* PBXTargetDependency */ = {
			isa = PBXTargetDependency;
			target = 5E72BC281E5B48A200A3087C /* TacoPOP */;
			targetProxy = 5E72BC3E1E5B48A200A3087C /* PBXContainerItemProxy */;
		};
/* End PBXTargetDependency section */

/* Begin PBXVariantGroup section */
		5E72BC301E5B48A200A3087C /* Main.storyboard */ = {
			isa = PBXVariantGroup;
			children = (
				5E72BC311E5B48A200A3087C /* Base */,
			);
			name = Main.storyboard;
			sourceTree = "<group>";
		};
		5E72BC351E5B48A200A3087C /* LaunchScreen.storyboard */ = {
			isa = PBXVariantGroup;
			children = (
				5E72BC361E5B48A200A3087C /* Base */,
			);
			name = LaunchScreen.storyboard;
			sourceTree = "<group>";
		};
/* End PBXVariantGroup section */

/* Begin XCBuildConfiguration section */
		5E72BC441E5B48A200A3087C /* Debug */ = {
			isa = XCBuildConfiguration;
			buildSettings = {
				ALWAYS_SEARCH_USER_PATHS = NO;
				CLANG_ANALYZER_NONNULL = YES;
				CLANG_CXX_LANGUAGE_STANDARD = "gnu++0x";
				CLANG_CXX_LIBRARY = "libc++";
				CLANG_ENABLE_MODULES = YES;
				CLANG_ENABLE_OBJC_ARC = YES;
				CLANG_WARN_BOOL_CONVERSION = YES;
				CLANG_WARN_CONSTANT_CONVERSION = YES;
				CLANG_WARN_DIRECT_OBJC_ISA_USAGE = YES_ERROR;
				CLANG_WARN_DOCUMENTATION_COMMENTS = YES;
				CLANG_WARN_EMPTY_BODY = YES;
				CLANG_WARN_ENUM_CONVERSION = YES;
				CLANG_WARN_INFINITE_RECURSION = YES;
				CLANG_WARN_INT_CONVERSION = YES;
				CLANG_WARN_OBJC_ROOT_CLASS = YES_ERROR;
				CLANG_WARN_SUSPICIOUS_MOVE = YES;
				CLANG_WARN_UNREACHABLE_CODE = YES;
				CLANG_WARN__DUPLICATE_METHOD_MATCH = YES;
				"CODE_SIGN_IDENTITY[sdk=iphoneos*]" = "iPhone Developer";
				COPY_PHASE_STRIP = NO;
				DEBUG_INFORMATION_FORMAT = dwarf;
				ENABLE_STRICT_OBJC_MSGSEND = YES;
				ENABLE_TESTABILITY = YES;
				GCC_C_LANGUAGE_STANDARD = gnu99;
				GCC_DYNAMIC_NO_PIC = NO;
				GCC_NO_COMMON_BLOCKS = YES;
				GCC_OPTIMIZATION_LEVEL = 0;
				GCC_PREPROCESSOR_DEFINITIONS = (
					"DEBUG=1",
					"$(inherited)",
				);
				GCC_WARN_64_TO_32_BIT_CONVERSION = YES;
				GCC_WARN_ABOUT_RETURN_TYPE = YES_ERROR;
				GCC_WARN_UNDECLARED_SELECTOR = YES;
				GCC_WARN_UNINITIALIZED_AUTOS = YES_AGGRESSIVE;
				GCC_WARN_UNUSED_FUNCTION = YES;
				GCC_WARN_UNUSED_VARIABLE = YES;
				IPHONEOS_DEPLOYMENT_TARGET = 10.2;
				MTL_ENABLE_DEBUG_INFO = YES;
				ONLY_ACTIVE_ARCH = YES;
				SDKROOT = iphoneos;
				SWIFT_ACTIVE_COMPILATION_CONDITIONS = DEBUG;
				SWIFT_OPTIMIZATION_LEVEL = "-Onone";
			};
			name = Debug;
		};
		5E72BC451E5B48A200A3087C /* Release */ = {
			isa = XCBuildConfiguration;
			buildSettings = {
				ALWAYS_SEARCH_USER_PATHS = NO;
				CLANG_ANALYZER_NONNULL = YES;
				CLANG_CXX_LANGUAGE_STANDARD = "gnu++0x";
				CLANG_CXX_LIBRARY = "libc++";
				CLANG_ENABLE_MODULES = YES;
				CLANG_ENABLE_OBJC_ARC = YES;
				CLANG_WARN_BOOL_CONVERSION = YES;
				CLANG_WARN_CONSTANT_CONVERSION = YES;
				CLANG_WARN_DIRECT_OBJC_ISA_USAGE = YES_ERROR;
				CLANG_WARN_DOCUMENTATION_COMMENTS = YES;
				CLANG_WARN_EMPTY_BODY = YES;
				CLANG_WARN_ENUM_CONVERSION = YES;
				CLANG_WARN_INFINITE_RECURSION = YES;
				CLANG_WARN_INT_CONVERSION = YES;
				CLANG_WARN_OBJC_ROOT_CLASS = YES_ERROR;
				CLANG_WARN_SUSPICIOUS_MOVE = YES;
				CLANG_WARN_UNREACHABLE_CODE = YES;
				CLANG_WARN__DUPLICATE_METHOD_MATCH = YES;
				"CODE_SIGN_IDENTITY[sdk=iphoneos*]" = "iPhone Developer";
				COPY_PHASE_STRIP = NO;
				DEBUG_INFORMATION_FORMAT = "dwarf-with-dsym";
				ENABLE_NS_ASSERTIONS = NO;
				ENABLE_STRICT_OBJC_MSGSEND = YES;
				GCC_C_LANGUAGE_STANDARD = gnu99;
				GCC_NO_COMMON_BLOCKS = YES;
				GCC_WARN_64_TO_32_BIT_CONVERSION = YES;
				GCC_WARN_ABOUT_RETURN_TYPE = YES_ERROR;
				GCC_WARN_UNDECLARED_SELECTOR = YES;
				GCC_WARN_UNINITIALIZED_AUTOS = YES_AGGRESSIVE;
				GCC_WARN_UNUSED_FUNCTION = YES;
				GCC_WARN_UNUSED_VARIABLE = YES;
				IPHONEOS_DEPLOYMENT_TARGET = 10.2;
				MTL_ENABLE_DEBUG_INFO = NO;
				SDKROOT = iphoneos;
				SWIFT_OPTIMIZATION_LEVEL = "-Owholemodule";
				VALIDATE_PRODUCT = YES;
			};
			name = Release;
		};
		5E72BC471E5B48A200A3087C /* Debug */ = {
			isa = XCBuildConfiguration;
			buildSettings = {
				ASSETCATALOG_COMPILER_APPICON_NAME = AppIcon;
				DEVELOPMENT_TEAM = 5TFV5GUHE9;
				INFOPLIST_FILE = TacoPOP/Info.plist;
				LD_RUNPATH_SEARCH_PATHS = "$(inherited) @executable_path/Frameworks";
				PRODUCT_BUNDLE_IDENTIFIER = com.faincowie.TacoPOP;
				PRODUCT_NAME = "$(TARGET_NAME)";
				SWIFT_VERSION = 3.0;
			};
			name = Debug;
		};
		5E72BC481E5B48A200A3087C /* Release */ = {
			isa = XCBuildConfiguration;
			buildSettings = {
				ASSETCATALOG_COMPILER_APPICON_NAME = AppIcon;
				DEVELOPMENT_TEAM = 5TFV5GUHE9;
				INFOPLIST_FILE = TacoPOP/Info.plist;
				LD_RUNPATH_SEARCH_PATHS = "$(inherited) @executable_path/Frameworks";
				PRODUCT_BUNDLE_IDENTIFIER = com.faincowie.TacoPOP;
				PRODUCT_NAME = "$(TARGET_NAME)";
				SWIFT_VERSION = 3.0;
			};
			name = Release;
		};
		5E72BC4A1E5B48A200A3087C /* Debug */ = {
			isa = XCBuildConfiguration;
			buildSettings = {
				ALWAYS_EMBED_SWIFT_STANDARD_LIBRARIES = YES;
				BUNDLE_LOADER = "$(TEST_HOST)";
				DEVELOPMENT_TEAM = 5TFV5GUHE9;
				INFOPLIST_FILE = TacoPOPTests/Info.plist;
				LD_RUNPATH_SEARCH_PATHS = "$(inherited) @executable_path/Frameworks @loader_path/Frameworks";
				PRODUCT_BUNDLE_IDENTIFIER = com.faincowie.TacoPOPTests;
				PRODUCT_NAME = "$(TARGET_NAME)";
				SWIFT_VERSION = 3.0;
				TEST_HOST = "$(BUILT_PRODUCTS_DIR)/TacoPOP.app/TacoPOP";
			};
			name = Debug;
		};
		5E72BC4B1E5B48A200A3087C /* Release */ = {
			isa = XCBuildConfiguration;
			buildSettings = {
				ALWAYS_EMBED_SWIFT_STANDARD_LIBRARIES = YES;
				BUNDLE_LOADER = "$(TEST_HOST)";
				DEVELOPMENT_TEAM = 5TFV5GUHE9;
				INFOPLIST_FILE = TacoPOPTests/Info.plist;
				LD_RUNPATH_SEARCH_PATHS = "$(inherited) @executable_path/Frameworks @loader_path/Frameworks";
				PRODUCT_BUNDLE_IDENTIFIER = com.faincowie.TacoPOPTests;
				PRODUCT_NAME = "$(TARGET_NAME)";
				SWIFT_VERSION = 3.0;
				TEST_HOST = "$(BUILT_PRODUCTS_DIR)/TacoPOP.app/TacoPOP";
			};
			name = Release;
		};
/* End XCBuildConfiguration section */

/* Begin XCConfigurationList section */
		5E72BC241E5B48A200A3087C /* Build configuration list for PBXProject "TacoPOP" */ = {
			isa = XCConfigurationList;
			buildConfigurations = (
				5E72BC441E5B48A200A3087C /* Debug */,
				5E72BC451E5B48A200A3087C /* Release */,
			);
			defaultConfigurationIsVisible = 0;
			defaultConfigurationName = Release;
		};
		5E72BC461E5B48A200A3087C /* Build configuration list for PBXNativeTarget "TacoPOP" */ = {
			isa = XCConfigurationList;
			buildConfigurations = (
				5E72BC471E5B48A200A3087C /* Debug */,
				5E72BC481E5B48A200A3087C /* Release */,
			);
			defaultConfigurationIsVisible = 0;
			defaultConfigurationName = Release;
		};
		5E72BC491E5B48A200A3087C /* Build configuration list for PBXNativeTarget "TacoPOPTests" */ = {
			isa = XCConfigurationList;
			buildConfigurations = (
				5E72BC4A1E5B48A200A3087C /* Debug */,
				5E72BC4B1E5B48A200A3087C /* Release */,
			);
			defaultConfigurationIsVisible = 0;
			defaultConfigurationName = Release;
		};
/* End XCConfigurationList section */
	};
	rootObject = 5E72BC211E5B48A200A3087C /* Project object */;
}
